
Microsoft Visual Studio Solution File, Format Version 12.00
Project("{2150E333-8FDC-42A3-9474-1A3956D46DE8}") = "src", "src", "{B68C51D1-9F8A-4941-A7C3-77CAE466A0BA}"
EndProject
Project("{FAE04EC0-301F-11D3-BF4B-00C04F79EFBC}") = "Recovery", "Recovery\Recovery.csproj", "{EE51131F-6282-441F-BAB9-E5DB3E94A37F}"
EndProject
Global
	GlobalSection(SolutionConfigurationPlatforms) = preSolution
		Debug|Any CPU = Debug|Any CPU
		Release|Any CPU = Release|Any CPU
	EndGlobalSection
	GlobalSection(NestedProjects) = preSolution
		{EE51131F-6282-441F-BAB9-E5DB3E94A37F} = {B68C51D1-9F8A-4941-A7C3-77CAE466A0BA}
	EndGlobalSection
	GlobalSection(ProjectConfigurationPlatforms) = postSolution
		{EE51131F-6282-441F-BAB9-E5DB3E94A37F}.Debug|Any CPU.ActiveCfg = Debug|Any CPU
		{EE51131F-6282-441F-BAB9-E5DB3E94A37F}.Debug|Any CPU.Build.0 = Debug|Any CPU
		{EE51131F-6282-441F-BAB9-E5DB3E94A37F}.Release|Any CPU.ActiveCfg = Release|Any CPU
		{EE51131F-6282-441F-BAB9-E5DB3E94A37F}.Release|Any CPU.Build.0 = Release|Any CPU
	EndGlobalSection
EndGlobal
